{
  "nodes": {
    "flake-utils": {
      "inputs": {
        "systems": "systems"
      },
      "locked": {
        "lastModified": 1731533236,
        "narHash": "sha256-l0KFg5HjrsfsO/JpG+r7fRrqm12kzFHyUHqHCVpMMbI=",
        "owner": "numtide",
        "repo": "flake-utils",
        "rev": "11707dc2f618dd54ca8739b309ec4fc024de578b",
        "type": "github"
      },
      "original": {
        "owner": "numtide",
        "repo": "flake-utils",
        "type": "github"
      }
    },
    "nixpkgs": {
      "locked": {
        "lastModified": 1756911493,
        "narHash": "sha256-6n/n1GZQ/vi+LhFXMSyoseKdNfc2QQaSBXJdgamrbkE=",
        "owner": "NixOS",
        "repo": "nixpkgs",
        "rev": "c6a788f552b7b7af703b1a29802a7233c0067908",
        "type": "github"
      },
      "original": {
        "owner": "NixOS",
        "ref": "nixpkgs-unstable",
        "repo": "nixpkgs",
        "type": "github"
      }
    },
    "risc0-nix": {
      "inputs": {
        "flake-utils": [
          "flake-utils"
        ],
        "nixpkgs": [
          "nixpkgs"
        ],
        "risc0-src": "risc0-src",
        "rust-overlay": "rust-overlay"
      },
      "locked": {
        "lastModified": 1754577772,
        "narHash": "sha256-6f9vvucM+WqYxN3MIJhG8YjxrnJfF/ZlbRzrAwv+qKY=",
        "owner": "alpenlabs",
        "repo": "risc0.nix",
        "rev": "505d84db8d7dd1eb75bbf7386764a793f25292a4",
        "type": "github"
      },
      "original": {
        "owner": "alpenlabs",
        "repo": "risc0.nix",
        "type": "github"
      }
    },
    "risc0-src": {
      "flake": false,
      "locked": {
        "lastModified": 1706738775,
        "narHash": "sha256-oxM7tYkFMUhBj1AlxGEbrL/ZqB3yueEilJC0R0aqOZA=",
        "owner": "risc0",
        "repo": "rust",
        "rev": "b2060c0fa7b0f6f42a180e9c85e28bddc174c777",
        "type": "github"
      },
      "original": {
        "owner": "risc0",
        "repo": "rust",
        "type": "github"
      }
    },
    "root": {
      "inputs": {
        "flake-utils": "flake-utils",
        "nixpkgs": "nixpkgs",
        "risc0-nix": "risc0-nix",
        "rust-overlay": "rust-overlay_2",
        "sp1-nix": "sp1-nix"
      }
    },
    "rust-overlay": {
      "inputs": {
        "nixpkgs": [
          "risc0-nix",
          "nixpkgs"
        ]
      },
      "locked": {
        "lastModified": 1754534980,
        "narHash": "sha256-8cAquqasyPRvgJfKVKxz+gQ+SRoRxiHhX91Avtl9Rn8=",
        "owner": "oxalica",
        "repo": "rust-overlay",
        "rev": "89e92794124b93bddb5f8f92485ed924bd179287",
        "type": "github"
      },
      "original": {
        "owner": "oxalica",
        "repo": "rust-overlay",
        "type": "github"
      }
    },
    "rust-overlay_2": {
      "inputs": {
        "nixpkgs": [
          "nixpkgs"
        ]
      },
      "locked": {
        "lastModified": 1757212513,
        "narHash": "sha256-ZTHwY7u8BQF1JUazhGk+ftCjsS57Ht6KSnnkxQoUBA8=",
        "owner": "oxalica",
        "repo": "rust-overlay",
        "rev": "a8c2f9348abb14647d8a4899d1b3acd0155ce2cd",
        "type": "github"
      },
      "original": {
        "owner": "oxalica",
        "repo": "rust-overlay",
        "type": "github"
      }
    },
    "rust-overlay_3": {
      "inputs": {
        "nixpkgs": [
          "sp1-nix",
          "nixpkgs"
        ]
      },
      "locked": {
        "lastModified": 1757212513,
        "narHash": "sha256-ZTHwY7u8BQF1JUazhGk+ftCjsS57Ht6KSnnkxQoUBA8=",
        "owner": "oxalica",
        "repo": "rust-overlay",
        "rev": "a8c2f9348abb14647d8a4899d1b3acd0155ce2cd",
        "type": "github"
      },
      "original": {
        "owner": "oxalica",
        "repo": "rust-overlay",
        "type": "github"
      }
    },
    "sp1-nix": {
      "inputs": {
        "flake-utils": [
          "flake-utils"
        ],
        "nixpkgs": [
          "nixpkgs"
        ],
        "rust-overlay": "rust-overlay_3",
        "sp1-src": "sp1-src"
      },
      "locked": {
        "lastModified": 1757256615,
        "narHash": "sha256-Grjuots3zboIu7j3t4yjJnrevt4pvSP7L/zon0CrGt0=",
        "owner": "alpenlabs",
        "repo": "sp1.nix",
        "rev": "3fa1a177c1d84840e27cb1e45cb73ec49aaff9f3",
        "type": "github"
      },
      "original": {
        "owner": "alpenlabs",
        "repo": "sp1.nix",
        "type": "github"
      }
    },
    "sp1-src": {
      "flake": false,
      "locked": {
        "lastModified": 1756944687,
        "narHash": "sha256-gjIUbLGqnYbJAqY4DI6TjCHMVF8qoRyGT5fYa6jTk4Q=",
        "owner": "succinctlabs",
        "repo": "sp1",
        "rev": "d64934f4b9115f3e833c60609256e36a4c2ed9a6",
        "type": "github"
      },
      "original": {
        "owner": "succinctlabs",
        "repo": "sp1",
        "type": "github"
      }
    },
    "systems": {
      "locked": {
        "lastModified": 1681028828,
        "narHash": "sha256-Vy1rq5AaRuLzOxct8nz4T6wlgyUR7zLU309k9mBC768=",
        "owner": "nix-systems",
        "repo": "default",
        "rev": "da67096a3b9bf56a91d16901293e51ba5b49a27e",
        "type": "github"
      },
      "original": {
        "owner": "nix-systems",
        "repo": "default",
        "type": "github"
      }
    }
  },
  "root": "root",
  "version": 7
}
